
Microsoft Visual Studio Solution File, Format Version 12.00
# Visual Studio 15
VisualStudioVersion = 15.0.28307.757
MinimumVisualStudioVersion = 10.0.40219.1
Project("{FAE04EC0-301F-11D3-BF4B-00C04F79EFBC}") = "Calcoolator.Android", "Calcoolator\Calcoolator.Android\Calcoolator.Android.csproj", "{8D3BE7F2-2C2F-4F04-B0E2-A8CB3E4E8D88}"
EndProject
Project("{FAE04EC0-301F-11D3-BF4B-00C04F79EFBC}") = "Calcoolator.iOS", "Calcoolator\Calcoolator.iOS\Calcoolator.iOS.csproj", "{5613CBD1-FFA4-4526-8C9D-73FAE2CD6880}"
EndProject
Project("{FAE04EC0-301F-11D3-BF4B-00C04F79EFBC}") = "Calcoolator.UWP", "Calcoolator\Calcoolator.UWP\Calcoolator.UWP.csproj", "{10A489DF-16E1-4DF4-9733-4EA1683BABC1}"
EndProject
Project("{FAE04EC0-301F-11D3-BF4B-00C04F79EFBC}") = "Calcoolator", "Calcoolator\Calcoolator\Calcoolator.csproj", "{18E3BB98-E11C-4605-BB05-9101B3490A47}"
EndProject
Global
	GlobalSection(SolutionConfigurationPlatforms) = preSolution
		Ad-Hoc|Any CPU = Ad-Hoc|Any CPU
		Ad-Hoc|ARM = Ad-Hoc|ARM
		Ad-Hoc|iPhone = Ad-Hoc|iPhone
		Ad-Hoc|iPhoneSimulator = Ad-Hoc|iPhoneSimulator
		Ad-Hoc|x64 = Ad-Hoc|x64
		Ad-Hoc|x86 = Ad-Hoc|x86
		AppStore|Any CPU = AppStore|Any CPU
		AppStore|ARM = AppStore|ARM
		AppStore|iPhone = AppStore|iPhone
		AppStore|iPhoneSimulator = AppStore|iPhoneSimulator
		AppStore|x64 = AppStore|x64
		AppStore|x86 = AppStore|x86
		Debug|Any CPU = Debug|Any CPU
		Debug|ARM = Debug|ARM
		Debug|iPhone = Debug|iPhone
		Debug|iPhoneSimulator = Debug|iPhoneSimulator
		Debug|x64 = Debug|x64
		Debug|x86 = Debug|x86
		Release|Any CPU = Release|Any CPU
		Release|ARM = Release|ARM
		Release|iPhone = Release|iPhone
		Release|iPhoneSimulator = Release|iPhoneSimulator
		Release|x64 = Release|x64
		Release|x86 = Release|x86
	EndGlobalSection
	GlobalSection(ProjectConfigurationPlatforms) = postSolution
		{8D3BE7F2-2C2F-4F04-B0E2-A8CB3E4E8D88}.Ad-Hoc|Any CPU.ActiveCfg = Release|Any CPU
		{8D3BE7F2-2C2F-4F04-B0E2-A8CB3E4E8D88}.Ad-Hoc|Any CPU.Build.0 = Release|Any CPU
		{8D3BE7F2-2C2F-4F04-B0E2-A8CB3E4E8D88}.Ad-Hoc|Any CPU.Deploy.0 = Release|Any CPU
		{8D3BE7F2-2C2F-4F04-B0E2-A8CB3E4E8D88}.Ad-Hoc|ARM.ActiveCfg = Release|Any CPU
		{8D3BE7F2-2C2F-4F04-B0E2-A8CB3E4E8D88}.Ad-Hoc|ARM.Build.0 = Release|Any CPU
		{8D3BE7F2-2C2F-4F04-B0E2-A8CB3E4E8D88}.Ad-Hoc|ARM.Deploy.0 = Release|Any CPU
		{8D3BE7F2-2C2F-4F04-B0E2-A8CB3E4E8D88}.Ad-Hoc|iPhone.ActiveCfg = Release|Any CPU
		{8D3BE7F2-2C2F-4F04-B0E2-A8CB3E4E8D88}.Ad-Hoc|iPhone.Build.0 = Release|Any CPU
		{8D3BE7F2-2C2F-4F04-B0E2-A8CB3E4E8D88}.Ad-Hoc|iPhone.Deploy.0 = Release|Any CPU
		{8D3BE7F2-2C2F-4F04-B0E2-A8CB3E4E8D88}.Ad-Hoc|iPhoneSimulator.ActiveCfg = Release|Any CPU
		{8D3BE7F2-2C2F-4F04-B0E2-A8CB3E4E8D88}.Ad-Hoc|iPhoneSimulator.Build.0 = Release|Any CPU
		{8D3BE7F2-2C2F-4F04-B0E2-A8CB3E4E8D88}.Ad-Hoc|iPhoneSimulator.Deploy.0 = Release|Any CPU
		{8D3BE7F2-2C2F-4F04-B0E2-A8CB3E4E8D88}.Ad-Hoc|x64.ActiveCfg = Release|Any CPU
		{8D3BE7F2-2C2F-4F04-B0E2-A8CB3E4E8D88}.Ad-Hoc|x64.Build.0 = Release|Any CPU
		{8D3BE7F2-2C2F-4F04-B0E2-A8CB3E4E8D88}.Ad-Hoc|x64.Deploy.0 = Release|Any CPU
		{8D3BE7F2-2C2F-4F04-B0E2-A8CB3E4E8D88}.Ad-Hoc|x86.ActiveCfg = Release|Any CPU
		{8D3BE7F2-2C2F-4F04-B0E2-A8CB3E4E8D88}.Ad-Hoc|x86.Build.0 = Release|Any CPU
		{8D3BE7F2-2C2F-4F04-B0E2-A8CB3E4E8D88}.Ad-Hoc|x86.Deploy.0 = Release|Any CPU
		{8D3BE7F2-2C2F-4F04-B0E2-A8CB3E4E8D88}.AppStore|Any CPU.ActiveCfg = Release|Any CPU
		{8D3BE7F2-2C2F-4F04-B0E2-A8CB3E4E8D88}.AppStore|Any CPU.Build.0 = Release|Any CPU
		{8D3BE7F2-2C2F-4F04-B0E2-A8CB3E4E8D88}.AppStore|Any CPU.Deploy.0 = Release|Any CPU
		{8D3BE7F2-2C2F-4F04-B0E2-A8CB3E4E8D88}.AppStore|ARM.ActiveCfg = Release|Any CPU
		{8D3BE7F2-2C2F-4F04-B0E2-A8CB3E4E8D88}.AppStore|ARM.Build.0 = Release|Any CPU
		{8D3BE7F2-2C2F-4F04-B0E2-A8CB3E4E8D88}.AppStore|ARM.Deploy.0 = Release|Any CPU
		{8D3BE7F2-2C2F-4F04-B0E2-A8CB3E4E8D88}.AppStore|iPhone.ActiveCfg = Release|Any CPU
		{8D3BE7F2-2C2F-4F04-B0E2-A8CB3E4E8D88}.AppStore|iPhone.Build.0 = Release|Any CPU
		{8D3BE7F2-2C2F-4F04-B0E2-A8CB3E4E8D88}.AppStore|iPhone.Deploy.0 = Release|Any CPU
		{8D3BE7F2-2C2F-4F04-B0E2-A8CB3E4E8D88}.AppStore|iPhoneSimulator.ActiveCfg = Release|Any CPU
		{8D3BE7F2-2C2F-4F04-B0E2-A8CB3E4E8D88}.AppStore|iPhoneSimulator.Build.0 = Release|Any CPU
		{8D3BE7F2-2C2F-4F04-B0E2-A8CB3E4E8D88}.AppStore|iPhoneSimulator.Deploy.0 = Release|Any CPU
		{8D3BE7F2-2C2F-4F04-B0E2-A8CB3E4E8D88}.AppStore|x64.ActiveCfg = Release|Any CPU
		{8D3BE7F2-2C2F-4F04-B0E2-A8CB3E4E8D88}.AppStore|x64.Build.0 = Release|Any CPU
		{8D3BE7F2-2C2F-4F04-B0E2-A8CB3E4E8D88}.AppStore|x64.Deploy.0 = Release|Any CPU
		{8D3BE7F2-2C2F-4F04-B0E2-A8CB3E4E8D88}.AppStore|x86.ActiveCfg = Release|Any CPU
		{8D3BE7F2-2C2F-4F04-B0E2-A8CB3E4E8D88}.AppStore|x86.Build.0 = Release|Any CPU
		{8D3BE7F2-2C2F-4F04-B0E2-A8CB3E4E8D88}.AppStore|x86.Deploy.0 = Release|Any CPU
		{8D3BE7F2-2C2F-4F04-B0E2-A8CB3E4E8D88}.Debug|Any CPU.ActiveCfg = Debug|Any CPU
		{8D3BE7F2-2C2F-4F04-B0E2-A8CB3E4E8D88}.Debug|Any CPU.Build.0 = Debug|Any CPU
		{8D3BE7F2-2C2F-4F04-B0E2-A8CB3E4E8D88}.Debug|Any CPU.Deploy.0 = Debug|Any CPU
		{8D3BE7F2-2C2F-4F04-B0E2-A8CB3E4E8D88}.Debug|ARM.ActiveCfg = Debug|Any CPU
		{8D3BE7F2-2C2F-4F04-B0E2-A8CB3E4E8D88}.Debug|ARM.Build.0 = Debug|Any CPU
		{8D3BE7F2-2C2F-4F04-B0E2-A8CB3E4E8D88}.Debug|ARM.Deploy.0 = Debug|Any CPU
		{8D3BE7F2-2C2F-4F04-B0E2-A8CB3E4E8D88}.Debug|iPhone.ActiveCfg = Debug|Any CPU
		{8D3BE7F2-2C2F-4F04-B0E2-A8CB3E4E8D88}.Debug|iPhone.Build.0 = Debug|Any CPU
		{8D3BE7F2-2C2F-4F04-B0E2-A8CB3E4E8D88}.Debug|iPhone.Deploy.0 = Debug|Any CPU
		{8D3BE7F2-2C2F-4F04-B0E2-A8CB3E4E8D88}.Debug|iPhoneSimulator.ActiveCfg = Debug|Any CPU
		{8D3BE7F2-2C2F-4F04-B0E2-A8CB3E4E8D88}.Debug|iPhoneSimulator.Build.0 = Debug|Any CPU
		{8D3BE7F2-2C2F-4F04-B0E2-A8CB3E4E8D88}.Debug|iPhoneSimulator.Deploy.0 = Debug|Any CPU
		{8D3BE7F2-2C2F-4F04-B0E2-A8CB3E4E8D88}.Debug|x64.ActiveCfg = Debug|Any CPU
		{8D3BE7F2-2C2F-4F04-B0E2-A8CB3E4E8D88}.Debug|x64.Build.0 = Debug|Any CPU
		{8D3BE7F2-2C2F-4F04-B0E2-A8CB3E4E8D88}.Debug|x64.Deploy.0 = Debug|Any CPU
		{8D3BE7F2-2C2F-4F04-B0E2-A8CB3E4E8D88}.Debug|x86.ActiveCfg = Debug|Any CPU
		{8D3BE7F2-2C2F-4F04-B0E2-A8CB3E4E8D88}.Debug|x86.Build.0 = Debug|Any CPU
		{8D3BE7F2-2C2F-4F04-B0E2-A8CB3E4E8D88}.Debug|x86.Deploy.0 = Debug|Any CPU
		{8D3BE7F2-2C2F-4F04-B0E2-A8CB3E4E8D88}.Release|Any CPU.ActiveCfg = Release|Any CPU
		{8D3BE7F2-2C2F-4F04-B0E2-A8CB3E4E8D88}.Release|Any CPU.Build.0 = Release|Any CPU
		{8D3BE7F2-2C2F-4F04-B0E2-A8CB3E4E8D88}.Release|Any CPU.Deploy.0 = Release|Any CPU
		{8D3BE7F2-2C2F-4F04-B0E2-A8CB3E4E8D88}.Release|ARM.ActiveCfg = Release|Any CPU
		{8D3BE7F2-2C2F-4F04-B0E2-A8CB3E4E8D88}.Release|ARM.Build.0 = Release|Any CPU
		{8D3BE7F2-2C2F-4F04-B0E2-A8CB3E4E8D88}.Release|ARM.Deploy.0 = Release|Any CPU
		{8D3BE7F2-2C2F-4F04-B0E2-A8CB3E4E8D88}.Release|iPhone.ActiveCfg = Release|Any CPU
		{8D3BE7F2-2C2F-4F04-B0E2-A8CB3E4E8D88}.Release|iPhone.Build.0 = Release|Any CPU
		{8D3BE7F2-2C2F-4F04-B0E2-A8CB3E4E8D88}.Release|iPhone.Deploy.0 = Release|Any CPU
		{8D3BE7F2-2C2F-4F04-B0E2-A8CB3E4E8D88}.Release|iPhoneSimulator.ActiveCfg = Release|Any CPU
		{8D3BE7F2-2C2F-4F04-B0E2-A8CB3E4E8D88}.Release|iPhoneSimulator.Build.0 = Release|Any CPU
		{8D3BE7F2-2C2F-4F04-B0E2-A8CB3E4E8D88}.Release|iPhoneSimulator.Deploy.0 = Release|Any CPU
		{8D3BE7F2-2C2F-4F04-B0E2-A8CB3E4E8D88}.Release|x64.ActiveCfg = Release|Any CPU
		{8D3BE7F2-2C2F-4F04-B0E2-A8CB3E4E8D88}.Release|x64.Build.0 = Release|Any CPU
		{8D3BE7F2-2C2F-4F04-B0E2-A8CB3E4E8D88}.Release|x64.Deploy.0 = Release|Any CPU
		{8D3BE7F2-2C2F-4F04-B0E2-A8CB3E4E8D88}.Release|x86.ActiveCfg = Release|Any CPU
		{8D3BE7F2-2C2F-4F04-B0E2-A8CB3E4E8D88}.Release|x86.Build.0 = Release|Any CPU
		{8D3BE7F2-2C2F-4F04-B0E2-A8CB3E4E8D88}.Release|x86.Deploy.0 = Release|Any CPU
		{5613CBD1-FFA4-4526-8C9D-73FAE2CD6880}.Ad-Hoc|Any CPU.ActiveCfg = Ad-Hoc|iPhone
		{5613CBD1-FFA4-4526-8C9D-73FAE2CD6880}.Ad-Hoc|Any CPU.Build.0 = Ad-Hoc|iPhone
		{5613CBD1-FFA4-4526-8C9D-73FAE2CD6880}.Ad-Hoc|Any CPU.Deploy.0 = Ad-Hoc|iPhone
		{5613CBD1-FFA4-4526-8C9D-73FAE2CD6880}.Ad-Hoc|ARM.ActiveCfg = Ad-Hoc|iPhone
		{5613CBD1-FFA4-4526-8C9D-73FAE2CD6880}.Ad-Hoc|ARM.Build.0 = Ad-Hoc|iPhone
		{5613CBD1-FFA4-4526-8C9D-73FAE2CD6880}.Ad-Hoc|ARM.Deploy.0 = Ad-Hoc|iPhone
		{5613CBD1-FFA4-4526-8C9D-73FAE2CD6880}.Ad-Hoc|iPhone.ActiveCfg = Ad-Hoc|iPhone
		{5613CBD1-FFA4-4526-8C9D-73FAE2CD6880}.Ad-Hoc|iPhone.Build.0 = Ad-Hoc|iPhone
		{5613CBD1-FFA4-4526-8C9D-73FAE2CD6880}.Ad-Hoc|iPhone.Deploy.0 = Ad-Hoc|iPhone
		{5613CBD1-FFA4-4526-8C9D-73FAE2CD6880}.Ad-Hoc|iPhoneSimulator.ActiveCfg = Ad-Hoc|iPhoneSimulator
		{5613CBD1-FFA4-4526-8C9D-73FAE2CD6880}.Ad-Hoc|iPhoneSimulator.Build.0 = Ad-Hoc|iPhoneSimulator
		{5613CBD1-FFA4-4526-8C9D-73FAE2CD6880}.Ad-Hoc|iPhoneSimulator.Deploy.0 = Ad-Hoc|iPhoneSimulator
		{5613CBD1-FFA4-4526-8C9D-73FAE2CD6880}.Ad-Hoc|x64.ActiveCfg = Ad-Hoc|iPhone
		{5613CBD1-FFA4-4526-8C9D-73FAE2CD6880}.Ad-Hoc|x64.Build.0 = Ad-Hoc|iPhone
		{5613CBD1-FFA4-4526-8C9D-73FAE2CD6880}.Ad-Hoc|x64.Deploy.0 = Ad-Hoc|iPhone
		{5613CBD1-FFA4-4526-8C9D-73FAE2CD6880}.Ad-Hoc|x86.ActiveCfg = Ad-Hoc|iPhone
		{5613CBD1-FFA4-4526-8C9D-73FAE2CD6880}.Ad-Hoc|x86.Build.0 = Ad-Hoc|iPhone
		{5613CBD1-FFA4-4526-8C9D-73FAE2CD6880}.Ad-Hoc|x86.Deploy.0 = Ad-Hoc|iPhone
		{5613CBD1-FFA4-4526-8C9D-73FAE2CD6880}.AppStore|Any CPU.ActiveCfg = AppStore|iPhone
		{5613CBD1-FFA4-4526-8C9D-73FAE2CD6880}.AppStore|Any CPU.Build.0 = AppStore|iPhone
		{5613CBD1-FFA4-4526-8C9D-73FAE2CD6880}.AppStore|Any CPU.Deploy.0 = AppStore|iPhone
		{5613CBD1-FFA4-4526-8C9D-73FAE2CD6880}.AppStore|ARM.ActiveCfg = AppStore|iPhone
		{5613CBD1-FFA4-4526-8C9D-73FAE2CD6880}.AppStore|ARM.Build.0 = AppStore|iPhone
		{5613CBD1-FFA4-4526-8C9D-73FAE2CD6880}.AppStore|ARM.Deploy.0 = AppStore|iPhone
		{5613CBD1-FFA4-4526-8C9D-73FAE2CD6880}.AppStore|iPhone.ActiveCfg = AppStore|iPhone
		{5613CBD1-FFA4-4526-8C9D-73FAE2CD6880}.AppStore|iPhone.Build.0 = AppStore|iPhone
		{5613CBD1-FFA4-4526-8C9D-73FAE2CD6880}.AppStore|iPhone.Deploy.0 = AppStore|iPhone
		{5613CBD1-FFA4-4526-8C9D-73FAE2CD6880}.AppStore|iPhoneSimulator.ActiveCfg = AppStore|iPhoneSimulator
		{5613CBD1-FFA4-4526-8C9D-73FAE2CD6880}.AppStore|iPhoneSimulator.Build.0 = AppStore|iPhoneSimulator
		{5613CBD1-FFA4-4526-8C9D-73FAE2CD6880}.AppStore|iPhoneSimulator.Deploy.0 = AppStore|iPhoneSimulator
		{5613CBD1-FFA4-4526-8C9D-73FAE2CD6880}.AppStore|x64.ActiveCfg = AppStore|iPhone
		{5613CBD1-FFA4-4526-8C9D-73FAE2CD6880}.AppStore|x64.Build.0 = AppStore|iPhone
		{5613CBD1-FFA4-4526-8C9D-73FAE2CD6880}.AppStore|x64.Deploy.0 = AppStore|iPhone
		{5613CBD1-FFA4-4526-8C9D-73FAE2CD6880}.AppStore|x86.ActiveCfg = AppStore|iPhone
		{5613CBD1-FFA4-4526-8C9D-73FAE2CD6880}.AppStore|x86.Build.0 = AppStore|iPhone
		{5613CBD1-FFA4-4526-8C9D-73FAE2CD6880}.AppStore|x86.Deploy.0 = AppStore|iPhone
		{5613CBD1-FFA4-4526-8C9D-73FAE2CD6880}.Debug|Any CPU.ActiveCfg = Debug|iPhoneSimulator
		{5613CBD1-FFA4-4526-8C9D-73FAE2CD6880}.Debug|Any CPU.Build.0 = Debug|iPhoneSimulator
		{5613CBD1-FFA4-4526-8C9D-73FAE2CD6880}.Debug|Any CPU.Deploy.0 = Debug|iPhoneSimulator
		{5613CBD1-FFA4-4526-8C9D-73FAE2CD6880}.Debug|ARM.ActiveCfg = Debug|iPhone
		{5613CBD1-FFA4-4526-8C9D-73FAE2CD6880}.Debug|ARM.Build.0 = Debug|iPhone
		{5613CBD1-FFA4-4526-8C9D-73FAE2CD6880}.Debug|ARM.Deploy.0 = Debug|iPhone
		{5613CBD1-FFA4-4526-8C9D-73FAE2CD6880}.Debug|iPhone.ActiveCfg = Debug|iPhone
		{5613CBD1-FFA4-4526-8C9D-73FAE2CD6880}.Debug|iPhone.Build.0 = Debug|iPhone
		{5613CBD1-FFA4-4526-8C9D-73FAE2CD6880}.Debug|iPhone.Deploy.0 = Debug|iPhone
		{5613CBD1-FFA4-4526-8C9D-73FAE2CD6880}.Debug|iPhoneSimulator.ActiveCfg = Debug|iPhoneSimulator
		{5613CBD1-FFA4-4526-8C9D-73FAE2CD6880}.Debug|iPhoneSimulator.Build.0 = Debug|iPhoneSimulator
		{5613CBD1-FFA4-4526-8C9D-73FAE2CD6880}.Debug|iPhoneSimulator.Deploy.0 = Debug|iPhoneSimulator
		{5613CBD1-FFA4-4526-8C9D-73FAE2CD6880}.Debug|x64.ActiveCfg = Debug|iPhone
		{5613CBD1-FFA4-4526-8C9D-73FAE2CD6880}.Debug|x64.Build.0 = Debug|iPhone
		{5613CBD1-FFA4-4526-8C9D-73FAE2CD6880}.Debug|x64.Deploy.0 = Debug|iPhone
		{5613CBD1-FFA4-4526-8C9D-73FAE2CD6880}.Debug|x86.ActiveCfg = Debug|iPhone
		{5613CBD1-FFA4-4526-8C9D-73FAE2CD6880}.Debug|x86.Build.0 = Debug|iPhone
		{5613CBD1-FFA4-4526-8C9D-73FAE2CD6880}.Debug|x86.Deploy.0 = Debug|iPhone
		{5613CBD1-FFA4-4526-8C9D-73FAE2CD6880}.Release|Any CPU.ActiveCfg = Release|iPhone
		{5613CBD1-FFA4-4526-8C9D-73FAE2CD6880}.Release|Any CPU.Build.0 = Release|iPhone
		{5613CBD1-FFA4-4526-8C9D-73FAE2CD6880}.Release|Any CPU.Deploy.0 = Release|iPhone
		{5613CBD1-FFA4-4526-8C9D-73FAE2CD6880}.Release|ARM.ActiveCfg = Release|iPhone
		{5613CBD1-FFA4-4526-8C9D-73FAE2CD6880}.Release|ARM.Build.0 = Release|iPhone
		{5613CBD1-FFA4-4526-8C9D-73FAE2CD6880}.Release|ARM.Deploy.0 = Release|iPhone
		{5613CBD1-FFA4-4526-8C9D-73FAE2CD6880}.Release|iPhone.ActiveCfg = Release|iPhone
		{5613CBD1-FFA4-4526-8C9D-73FAE2CD6880}.Release|iPhone.Build.0 = Release|iPhone
		{5613CBD1-FFA4-4526-8C9D-73FAE2CD6880}.Release|iPhone.Deploy.0 = Release|iPhone
		{5613CBD1-FFA4-4526-8C9D-73FAE2CD6880}.Release|iPhoneSimulator.ActiveCfg = Release|iPhoneSimulator
		{5613CBD1-FFA4-4526-8C9D-73FAE2CD6880}.Release|iPhoneSimulator.Build.0 = Release|iPhoneSimulator
		{5613CBD1-FFA4-4526-8C9D-73FAE2CD6880}.Release|iPhoneSimulator.Deploy.0 = Release|iPhoneSimulator
		{5613CBD1-FFA4-4526-8C9D-73FAE2CD6880}.Release|x64.ActiveCfg = Release|iPhone
		{5613CBD1-FFA4-4526-8C9D-73FAE2CD6880}.Release|x64.Build.0 = Release|iPhone
		{5613CBD1-FFA4-4526-8C9D-73FAE2CD6880}.Release|x64.Deploy.0 = Release|iPhone
		{5613CBD1-FFA4-4526-8C9D-73FAE2CD6880}.Release|x86.ActiveCfg = Release|iPhone
		{5613CBD1-FFA4-4526-8C9D-73FAE2CD6880}.Release|x86.Build.0 = Release|iPhone
		{5613CBD1-FFA4-4526-8C9D-73FAE2CD6880}.Release|x86.Deploy.0 = Release|iPhone
		{10A489DF-16E1-4DF4-9733-4EA1683BABC1}.Ad-Hoc|Any CPU.ActiveCfg = Release|x86
		{10A489DF-16E1-4DF4-9733-4EA1683BABC1}.Ad-Hoc|Any CPU.Build.0 = Release|x86
		{10A489DF-16E1-4DF4-9733-4EA1683BABC1}.Ad-Hoc|Any CPU.Deploy.0 = Release|x86
		{10A489DF-16E1-4DF4-9733-4EA1683BABC1}.Ad-Hoc|ARM.ActiveCfg = Release|ARM
		{10A489DF-16E1-4DF4-9733-4EA1683BABC1}.Ad-Hoc|ARM.Build.0 = Release|ARM
		{10A489DF-16E1-4DF4-9733-4EA1683BABC1}.Ad-Hoc|ARM.Deploy.0 = Release|ARM
		{10A489DF-16E1-4DF4-9733-4EA1683BABC1}.Ad-Hoc|iPhone.ActiveCfg = Release|x86
		{10A489DF-16E1-4DF4-9733-4EA1683BABC1}.Ad-Hoc|iPhone.Build.0 = Release|x86
		{10A489DF-16E1-4DF4-9733-4EA1683BABC1}.Ad-Hoc|iPhone.Deploy.0 = Release|x86
		{10A489DF-16E1-4DF4-9733-4EA1683BABC1}.Ad-Hoc|iPhoneSimulator.ActiveCfg = Release|x86
		{10A489DF-16E1-4DF4-9733-4EA1683BABC1}.Ad-Hoc|iPhoneSimulator.Build.0 = Release|x86
		{10A489DF-16E1-4DF4-9733-4EA1683BABC1}.Ad-Hoc|iPhoneSimulator.Deploy.0 = Release|x86
		{10A489DF-16E1-4DF4-9733-4EA1683BABC1}.Ad-Hoc|x64.ActiveCfg = Release|x64
		{10A489DF-16E1-4DF4-9733-4EA1683BABC1}.Ad-Hoc|x64.Build.0 = Release|x64
		{10A489DF-16E1-4DF4-9733-4EA1683BABC1}.Ad-Hoc|x64.Deploy.0 = Release|x64
		{10A489DF-16E1-4DF4-9733-4EA1683BABC1}.Ad-Hoc|x86.ActiveCfg = Release|x86
		{10A489DF-16E1-4DF4-9733-4EA1683BABC1}.Ad-Hoc|x86.Build.0 = Release|x86
		{10A489DF-16E1-4DF4-9733-4EA1683BABC1}.Ad-Hoc|x86.Deploy.0 = Release|x86
		{10A489DF-16E1-4DF4-9733-4EA1683BABC1}.AppStore|Any CPU.ActiveCfg = Release|x86
		{10A489DF-16E1-4DF4-9733-4EA1683BABC1}.AppStore|Any CPU.Build.0 = Release|x86
		{10A489DF-16E1-4DF4-9733-4EA1683BABC1}.AppStore|Any CPU.Deploy.0 = Release|x86
		{10A489DF-16E1-4DF4-9733-4EA1683BABC1}.AppStore|ARM.ActiveCfg = Release|ARM
		{10A489DF-16E1-4DF4-9733-4EA1683BABC1}.AppStore|ARM.Build.0 = Release|ARM
		{10A489DF-16E1-4DF4-9733-4EA1683BABC1}.AppStore|ARM.Deploy.0 = Release|ARM
		{10A489DF-16E1-4DF4-9733-4EA1683BABC1}.AppStore|iPhone.ActiveCfg = Release|x86
		{10A489DF-16E1-4DF4-9733-4EA1683BABC1}.AppStore|iPhone.Build.0 = Release|x86
		{10A489DF-16E1-4DF4-9733-4EA1683BABC1}.AppStore|iPhone.Deploy.0 = Release|x86
		{10A489DF-16E1-4DF4-9733-4EA1683BABC1}.AppStore|iPhoneSimulator.ActiveCfg = Release|x86
		{10A489DF-16E1-4DF4-9733-4EA1683BABC1}.AppStore|iPhoneSimulator.Build.0 = Release|x86
		{10A489DF-16E1-4DF4-9733-4EA1683BABC1}.AppStore|iPhoneSimulator.Deploy.0 = Release|x86
		{10A489DF-16E1-4DF4-9733-4EA1683BABC1}.AppStore|x64.ActiveCfg = Release|x64
		{10A489DF-16E1-4DF4-9733-4EA1683BABC1}.AppStore|x64.Build.0 = Release|x64
		{10A489DF-16E1-4DF4-9733-4EA1683BABC1}.AppStore|x64.Deploy.0 = Release|x64
		{10A489DF-16E1-4DF4-9733-4EA1683BABC1}.AppStore|x86.ActiveCfg = Release|x86
		{10A489DF-16E1-4DF4-9733-4EA1683BABC1}.AppStore|x86.Build.0 = Release|x86
		{10A489DF-16E1-4DF4-9733-4EA1683BABC1}.AppStore|x86.Deploy.0 = Release|x86
		{10A489DF-16E1-4DF4-9733-4EA1683BABC1}.Debug|Any CPU.ActiveCfg = Debug|x86
		{10A489DF-16E1-4DF4-9733-4EA1683BABC1}.Debug|Any CPU.Build.0 = Debug|x86
		{10A489DF-16E1-4DF4-9733-4EA1683BABC1}.Debug|Any CPU.Deploy.0 = Debug|x86
		{10A489DF-16E1-4DF4-9733-4EA1683BABC1}.Debug|ARM.ActiveCfg = Debug|ARM
		{10A489DF-16E1-4DF4-9733-4EA1683BABC1}.Debug|ARM.Build.0 = Debug|ARM
		{10A489DF-16E1-4DF4-9733-4EA1683BABC1}.Debug|ARM.Deploy.0 = Debug|ARM
		{10A489DF-16E1-4DF4-9733-4EA1683BABC1}.Debug|iPhone.ActiveCfg = Debug|x86
		{10A489DF-16E1-4DF4-9733-4EA1683BABC1}.Debug|iPhone.Build.0 = Debug|x86
		{10A489DF-16E1-4DF4-9733-4EA1683BABC1}.Debug|iPhone.Deploy.0 = Debug|x86
		{10A489DF-16E1-4DF4-9733-4EA1683BABC1}.Debug|iPhoneSimulator.ActiveCfg = Debug|x86
		{10A489DF-16E1-4DF4-9733-4EA1683BABC1}.Debug|iPhoneSimulator.Build.0 = Debug|x86
		{10A489DF-16E1-4DF4-9733-4EA1683BABC1}.Debug|iPhoneSimulator.Deploy.0 = Debug|x86
		{10A489DF-16E1-4DF4-9733-4EA1683BABC1}.Debug|x64.ActiveCfg = Debug|x64
		{10A489DF-16E1-4DF4-9733-4EA1683BABC1}.Debug|x64.Build.0 = Debug|x64
		{10A489DF-16E1-4DF4-9733-4EA1683BABC1}.Debug|x64.Deploy.0 = Debug|x64
		{10A489DF-16E1-4DF4-9733-4EA1683BABC1}.Debug|x86.ActiveCfg = Debug|x86
		{10A489DF-16E1-4DF4-9733-4EA1683BABC1}.Debug|x86.Build.0 = Debug|x86
		{10A489DF-16E1-4DF4-9733-4EA1683BABC1}.Debug|x86.Deploy.0 = Debug|x86
		{10A489DF-16E1-4DF4-9733-4EA1683BABC1}.Release|Any CPU.ActiveCfg = Release|x86
		{10A489DF-16E1-4DF4-9733-4EA1683BABC1}.Release|Any CPU.Build.0 = Release|x86
		{10A489DF-16E1-4DF4-9733-4EA1683BABC1}.Release|Any CPU.Deploy.0 = Release|x86
		{10A489DF-16E1-4DF4-9733-4EA1683BABC1}.Release|ARM.ActiveCfg = Release|ARM
		{10A489DF-16E1-4DF4-9733-4EA1683BABC1}.Release|ARM.Build.0 = Release|ARM
		{10A489DF-16E1-4DF4-9733-4EA1683BABC1}.Release|ARM.Deploy.0 = Release|ARM
		{10A489DF-16E1-4DF4-9733-4EA1683BABC1}.Release|iPhone.ActiveCfg = Release|x86
		{10A489DF-16E1-4DF4-9733-4EA1683BABC1}.Release|iPhone.Build.0 = Release|x86
		{10A489DF-16E1-4DF4-9733-4EA1683BABC1}.Release|iPhone.Deploy.0 = Release|x86
		{10A489DF-16E1-4DF4-9733-4EA1683BABC1}.Release|iPhoneSimulator.ActiveCfg = Release|x86
		{10A489DF-16E1-4DF4-9733-4EA1683BABC1}.Release|iPhoneSimulator.Build.0 = Release|x86
		{10A489DF-16E1-4DF4-9733-4EA1683BABC1}.Release|iPhoneSimulator.Deploy.0 = Release|x86
		{10A489DF-16E1-4DF4-9733-4EA1683BABC1}.Release|x64.ActiveCfg = Release|x64
		{10A489DF-16E1-4DF4-9733-4EA1683BABC1}.Release|x64.Build.0 = Release|x64
		{10A489DF-16E1-4DF4-9733-4EA1683BABC1}.Release|x64.Deploy.0 = Release|x64
		{10A489DF-16E1-4DF4-9733-4EA1683BABC1}.Release|x86.ActiveCfg = Release|x86
		{10A489DF-16E1-4DF4-9733-4EA1683BABC1}.Release|x86.Build.0 = Release|x86
		{10A489DF-16E1-4DF4-9733-4EA1683BABC1}.Release|x86.Deploy.0 = Release|x86
		{18E3BB98-E11C-4605-BB05-9101B3490A47}.Ad-Hoc|Any CPU.ActiveCfg = Debug|Any CPU
		{18E3BB98-E11C-4605-BB05-9101B3490A47}.Ad-Hoc|Any CPU.Build.0 = Debug|Any CPU
		{18E3BB98-E11C-4605-BB05-9101B3490A47}.Ad-Hoc|Any CPU.Deploy.0 = Debug|Any CPU
		{18E3BB98-E11C-4605-BB05-9101B3490A47}.Ad-Hoc|ARM.ActiveCfg = Debug|Any CPU
		{18E3BB98-E11C-4605-BB05-9101B3490A47}.Ad-Hoc|ARM.Build.0 = Debug|Any CPU
		{18E3BB98-E11C-4605-BB05-9101B3490A47}.Ad-Hoc|ARM.Deploy.0 = Debug|Any CPU
		{18E3BB98-E11C-4605-BB05-9101B3490A47}.Ad-Hoc|iPhone.ActiveCfg = Debug|Any CPU
		{18E3BB98-E11C-4605-BB05-9101B3490A47}.Ad-Hoc|iPhone.Build.0 = Debug|Any CPU
		{18E3BB98-E11C-4605-BB05-9101B3490A47}.Ad-Hoc|iPhone.Deploy.0 = Debug|Any CPU
		{18E3BB98-E11C-4605-BB05-9101B3490A47}.Ad-Hoc|iPhoneSimulator.ActiveCfg = Debug|Any CPU
		{18E3BB98-E11C-4605-BB05-9101B3490A47}.Ad-Hoc|iPhoneSimulator.Build.0 = Debug|Any CPU
		{18E3BB98-E11C-4605-BB05-9101B3490A47}.Ad-Hoc|iPhoneSimulator.Deploy.0 = Debug|Any CPU
		{18E3BB98-E11C-4605-BB05-9101B3490A47}.Ad-Hoc|x64.ActiveCfg = Debug|Any CPU
		{18E3BB98-E11C-4605-BB05-9101B3490A47}.Ad-Hoc|x64.Build.0 = Debug|Any CPU
		{18E3BB98-E11C-4605-BB05-9101B3490A47}.Ad-Hoc|x64.Deploy.0 = Debug|Any CPU
		{18E3BB98-E11C-4605-BB05-9101B3490A47}.Ad-Hoc|x86.ActiveCfg = Debug|Any CPU
		{18E3BB98-E11C-4605-BB05-9101B3490A47}.Ad-Hoc|x86.Build.0 = Debug|Any CPU
		{18E3BB98-E11C-4605-BB05-9101B3490A47}.Ad-Hoc|x86.Deploy.0 = Debug|Any CPU
		{18E3BB98-E11C-4605-BB05-9101B3490A47}.AppStore|Any CPU.ActiveCfg = Debug|Any CPU
		{18E3BB98-E11C-4605-BB05-9101B3490A47}.AppStore|Any CPU.Build.0 = Debug|Any CPU
		{18E3BB98-E11C-4605-BB05-9101B3490A47}.AppStore|Any CPU.Deploy.0 = Debug|Any CPU
		{18E3BB98-E11C-4605-BB05-9101B3490A47}.AppStore|ARM.ActiveCfg = Debug|Any CPU
		{18E3BB98-E11C-4605-BB05-9101B3490A47}.AppStore|ARM.Build.0 = Debug|Any CPU
		{18E3BB98-E11C-4605-BB05-9101B3490A47}.AppStore|ARM.Deploy.0 = Debug|Any CPU
		{18E3BB98-E11C-4605-BB05-9101B3490A47}.AppStore|iPhone.ActiveCfg = Debug|Any CPU
		{18E3BB98-E11C-4605-BB05-9101B3490A47}.AppStore|iPhone.Build.0 = Debug|Any CPU
		{18E3BB98-E11C-4605-BB05-9101B3490A47}.AppStore|iPhone.Deploy.0 = Debug|Any CPU
		{18E3BB98-E11C-4605-BB05-9101B3490A47}.AppStore|iPhoneSimulator.ActiveCfg = Debug|Any CPU
		{18E3BB98-E11C-4605-BB05-9101B3490A47}.AppStore|iPhoneSimulator.Build.0 = Debug|Any CPU
		{18E3BB98-E11C-4605-BB05-9101B3490A47}.AppStore|iPhoneSimulator.Deploy.0 = Debug|Any CPU
		{18E3BB98-E11C-4605-BB05-9101B3490A47}.AppStore|x64.ActiveCfg = Debug|Any CPU
		{18E3BB98-E11C-4605-BB05-9101B3490A47}.AppStore|x64.Build.0 = Debug|Any CPU
		{18E3BB98-E11C-4605-BB05-9101B3490A47}.AppStore|x64.Deploy.0 = Debug|Any CPU
		{18E3BB98-E11C-4605-BB05-9101B3490A47}.AppStore|x86.ActiveCfg = Debug|Any CPU
		{18E3BB98-E11C-4605-BB05-9101B3490A47}.AppStore|x86.Build.0 = Debug|Any CPU
		{18E3BB98-E11C-4605-BB05-9101B3490A47}.AppStore|x86.Deploy.0 = Debug|Any CPU
		{18E3BB98-E11C-4605-BB05-9101B3490A47}.Debug|Any CPU.ActiveCfg = Debug|Any CPU
		{18E3BB98-E11C-4605-BB05-9101B3490A47}.Debug|Any CPU.Build.0 = Debug|Any CPU
		{18E3BB98-E11C-4605-BB05-9101B3490A47}.Debug|Any CPU.Deploy.0 = Debug|Any CPU
		{18E3BB98-E11C-4605-BB05-9101B3490A47}.Debug|ARM.ActiveCfg = Debug|Any CPU
		{18E3BB98-E11C-4605-BB05-9101B3490A47}.Debug|ARM.Build.0 = Debug|Any CPU
		{18E3BB98-E11C-4605-BB05-9101B3490A47}.Debug|ARM.Deploy.0 = Debug|Any CPU
		{18E3BB98-E11C-4605-BB05-9101B3490A47}.Debug|iPhone.ActiveCfg = Debug|Any CPU
		{18E3BB98-E11C-4605-BB05-9101B3490A47}.Debug|iPhone.Build.0 = Debug|Any CPU
		{18E3BB98-E11C-4605-BB05-9101B3490A47}.Debug|iPhone.Deploy.0 = Debug|Any CPU
		{18E3BB98-E11C-4605-BB05-9101B3490A47}.Debug|iPhoneSimulator.ActiveCfg = Debug|Any CPU
		{18E3BB98-E11C-4605-BB05-9101B3490A47}.Debug|iPhoneSimulator.Build.0 = Debug|Any CPU
		{18E3BB98-E11C-4605-BB05-9101B3490A47}.Debug|iPhoneSimulator.Deploy.0 = Debug|Any CPU
		{18E3BB98-E11C-4605-BB05-9101B3490A47}.Debug|x64.ActiveCfg = Debug|Any CPU
		{18E3BB98-E11C-4605-BB05-9101B3490A47}.Debug|x64.Build.0 = Debug|Any CPU
		{18E3BB98-E11C-4605-BB05-9101B3490A47}.Debug|x64.Deploy.0 = Debug|Any CPU
		{18E3BB98-E11C-4605-BB05-9101B3490A47}.Debug|x86.ActiveCfg = Debug|Any CPU
		{18E3BB98-E11C-4605-BB05-9101B3490A47}.Debug|x86.Build.0 = Debug|Any CPU
		{18E3BB98-E11C-4605-BB05-9101B3490A47}.Debug|x86.Deploy.0 = Debug|Any CPU
		{18E3BB98-E11C-4605-BB05-9101B3490A47}.Release|Any CPU.ActiveCfg = Release|Any CPU
		{18E3BB98-E11C-4605-BB05-9101B3490A47}.Release|Any CPU.Build.0 = Release|Any CPU
		{18E3BB98-E11C-4605-BB05-9101B3490A47}.Release|Any CPU.Deploy.0 = Release|Any CPU
		{18E3BB98-E11C-4605-BB05-9101B3490A47}.Release|ARM.ActiveCfg = Release|Any CPU
		{18E3BB98-E11C-4605-BB05-9101B3490A47}.Release|ARM.Build.0 = Release|Any CPU
		{18E3BB98-E11C-4605-BB05-9101B3490A47}.Release|ARM.Deploy.0 = Release|Any CPU
		{18E3BB98-E11C-4605-BB05-9101B3490A47}.Release|iPhone.ActiveCfg = Release|Any CPU
		{18E3BB98-E11C-4605-BB05-9101B3490A47}.Release|iPhone.Build.0 = Release|Any CPU
		{18E3BB98-E11C-4605-BB05-9101B3490A47}.Release|iPhone.Deploy.0 = Release|Any CPU
		{18E3BB98-E11C-4605-BB05-9101B3490A47}.Release|iPhoneSimulator.ActiveCfg = Release|Any CPU
		{18E3BB98-E11C-4605-BB05-9101B3490A47}.Release|iPhoneSimulator.Build.0 = Release|Any CPU
		{18E3BB98-E11C-4605-BB05-9101B3490A47}.Release|iPhoneSimulator.Deploy.0 = Release|Any CPU
		{18E3BB98-E11C-4605-BB05-9101B3490A47}.Release|x64.ActiveCfg = Release|Any CPU
		{18E3BB98-E11C-4605-BB05-9101B3490A47}.Release|x64.Build.0 = Release|Any CPU
		{18E3BB98-E11C-4605-BB05-9101B3490A47}.Release|x64.Deploy.0 = Release|Any CPU
		{18E3BB98-E11C-4605-BB05-9101B3490A47}.Release|x86.ActiveCfg = Release|Any CPU
		{18E3BB98-E11C-4605-BB05-9101B3490A47}.Release|x86.Build.0 = Release|Any CPU
		{18E3BB98-E11C-4605-BB05-9101B3490A47}.Release|x86.Deploy.0 = Release|Any CPU
	EndGlobalSection
	GlobalSection(SolutionProperties) = preSolution
		HideSolutionNode = FALSE
	EndGlobalSection
	GlobalSection(ExtensibilityGlobals) = postSolution
		SolutionGuid = {2E583578-55C0-45D0-9002-D5A9583473F1}
	EndGlobalSection
EndGlobal
